
Microsoft Visual Studio Solution File, Format Version 12.00
# Visual Studio Version 17
VisualStudioVersion = 17.4.33213.308
MinimumVisualStudioVersion = 10.0.40219.1
Project("{FAE04EC0-301F-11D3-BF4B-00C04F79EFBC}") = "Paises", "Paises.csproj", "{51E37DD7-9CB0-467C-9E0D-BC33406993D9}"
EndProject
Global
	GlobalSection(SolutionConfigurationPlatforms) = preSolution
		Debug|Any CPU = Debug|Any CPU
		Release|Any CPU = Release|Any CPU
	EndGlobalSection
	GlobalSection(ProjectConfigurationPlatforms) = postSolution
		{51E37DD7-9CB0-467C-9E0D-BC33406993D9}.Debug|Any CPU.ActiveCfg = Debug|Any CPU
		{51E37DD7-9CB0-467C-9E0D-BC33406993D9}.Debug|Any CPU.Build.0 = Debug|Any CPU
		{51E37DD7-9CB0-467C-9E0D-BC33406993D9}.Release|Any CPU.ActiveCfg = Release|Any CPU
		{51E37DD7-9CB0-467C-9E0D-BC33406993D9}.Release|Any CPU.Build.0 = Release|Any CPU
	EndGlobalSection
	GlobalSection(SolutionProperties) = preSolution
		HideSolutionNode = FALSE
	EndGlobalSection
	GlobalSection(ExtensibilityGlobals) = postSolution
		SolutionGuid = {866AD0F8-CEFD-44D4-99F9-499A5B0CEDF9}
	EndGlobalSection
EndGlobal
